
Microsoft Visual Studio Solution File, Format Version 12.00
# Visual Studio Version 17
VisualStudioVersion = 17.11.35327.3
MinimumVisualStudioVersion = 10.0.40219.1
Project("{2150E333-8FDC-42A3-9474-1A3956D46DE8}") = "Core", "Core", "{E519B13C-7290-417E-9145-EB528247C337}"
EndProject
Project("{2150E333-8FDC-42A3-9474-1A3956D46DE8}") = "Infrustructure", "Infrustructure", "{840971E0-D865-4FDC-8770-E7B02DFE3FE5}"
EndProject
Project("{2150E333-8FDC-42A3-9474-1A3956D46DE8}") = "Presentation", "Presentation", "{B9CB80AA-77FE-4C5A-8E48-C171F091BF78}"
EndProject
Project("{FAE04EC0-301F-11D3-BF4B-00C04F79EFBC}") = "HOT.NeyseO.Domain", "HOT.NeyseO.Domain\HOT.NeyseO.Domain.csproj", "{C63AFE2F-3E3D-4403-A5A4-09B3B366DA75}"
EndProject
Project("{FAE04EC0-301F-11D3-BF4B-00C04F79EFBC}") = "HOT.NeyseO.Application", "HOT.NeyseO.Application\HOT.NeyseO.Application.csproj", "{649DF0AC-1947-46D8-9C25-08BC110287F8}"
EndProject
Project("{FAE04EC0-301F-11D3-BF4B-00C04F79EFBC}") = "HOT.NeyseO.Infrustucture", "HOT.NeyseO.Infrustucture\HOT.NeyseO.Infrustucture.csproj", "{900B2AB9-03BB-4529-BB04-758DE90BA7D9}"
EndProject
Project("{FAE04EC0-301F-11D3-BF4B-00C04F79EFBC}") = "HOT.NeyseO.Persistance", "HOT.NeyseO.Persistance\HOT.NeyseO.Persistance.csproj", "{0B6B4DD1-3C18-43FE-AF3B-A3852CEA49EB}"
EndProject
Project("{FAE04EC0-301F-11D3-BF4B-00C04F79EFBC}") = "HOT.NeyseO.WebApi", "HOT.NeyseO.WebApi\HOT.NeyseO.WebApi.csproj", "{6CB3BDBE-A4F2-4810-88EF-6A08CF04EF1F}"
EndProject
Global
	GlobalSection(SolutionConfigurationPlatforms) = preSolution
		Debug|Any CPU = Debug|Any CPU
		Release|Any CPU = Release|Any CPU
	EndGlobalSection
	GlobalSection(ProjectConfigurationPlatforms) = postSolution
		{C63AFE2F-3E3D-4403-A5A4-09B3B366DA75}.Debug|Any CPU.ActiveCfg = Debug|Any CPU
		{C63AFE2F-3E3D-4403-A5A4-09B3B366DA75}.Debug|Any CPU.Build.0 = Debug|Any CPU
		{C63AFE2F-3E3D-4403-A5A4-09B3B366DA75}.Release|Any CPU.ActiveCfg = Release|Any CPU
		{C63AFE2F-3E3D-4403-A5A4-09B3B366DA75}.Release|Any CPU.Build.0 = Release|Any CPU
		{649DF0AC-1947-46D8-9C25-08BC110287F8}.Debug|Any CPU.ActiveCfg = Debug|Any CPU
		{649DF0AC-1947-46D8-9C25-08BC110287F8}.Debug|Any CPU.Build.0 = Debug|Any CPU
		{649DF0AC-1947-46D8-9C25-08BC110287F8}.Release|Any CPU.ActiveCfg = Release|Any CPU
		{649DF0AC-1947-46D8-9C25-08BC110287F8}.Release|Any CPU.Build.0 = Release|Any CPU
		{900B2AB9-03BB-4529-BB04-758DE90BA7D9}.Debug|Any CPU.ActiveCfg = Debug|Any CPU
		{900B2AB9-03BB-4529-BB04-758DE90BA7D9}.Debug|Any CPU.Build.0 = Debug|Any CPU
		{900B2AB9-03BB-4529-BB04-758DE90BA7D9}.Release|Any CPU.ActiveCfg = Release|Any CPU
		{900B2AB9-03BB-4529-BB04-758DE90BA7D9}.Release|Any CPU.Build.0 = Release|Any CPU
		{0B6B4DD1-3C18-43FE-AF3B-A3852CEA49EB}.Debug|Any CPU.ActiveCfg = Debug|Any CPU
		{0B6B4DD1-3C18-43FE-AF3B-A3852CEA49EB}.Debug|Any CPU.Build.0 = Debug|Any CPU
		{0B6B4DD1-3C18-43FE-AF3B-A3852CEA49EB}.Release|Any CPU.ActiveCfg = Release|Any CPU
		{0B6B4DD1-3C18-43FE-AF3B-A3852CEA49EB}.Release|Any CPU.Build.0 = Release|Any CPU
		{6CB3BDBE-A4F2-4810-88EF-6A08CF04EF1F}.Debug|Any CPU.ActiveCfg = Debug|Any CPU
		{6CB3BDBE-A4F2-4810-88EF-6A08CF04EF1F}.Debug|Any CPU.Build.0 = Debug|Any CPU
		{6CB3BDBE-A4F2-4810-88EF-6A08CF04EF1F}.Release|Any CPU.ActiveCfg = Release|Any CPU
		{6CB3BDBE-A4F2-4810-88EF-6A08CF04EF1F}.Release|Any CPU.Build.0 = Release|Any CPU
	EndGlobalSection
	GlobalSection(SolutionProperties) = preSolution
		HideSolutionNode = FALSE
	EndGlobalSection
	GlobalSection(NestedProjects) = preSolution
		{C63AFE2F-3E3D-4403-A5A4-09B3B366DA75} = {E519B13C-7290-417E-9145-EB528247C337}
		{649DF0AC-1947-46D8-9C25-08BC110287F8} = {E519B13C-7290-417E-9145-EB528247C337}
		{900B2AB9-03BB-4529-BB04-758DE90BA7D9} = {840971E0-D865-4FDC-8770-E7B02DFE3FE5}
		{0B6B4DD1-3C18-43FE-AF3B-A3852CEA49EB} = {840971E0-D865-4FDC-8770-E7B02DFE3FE5}
		{6CB3BDBE-A4F2-4810-88EF-6A08CF04EF1F} = {B9CB80AA-77FE-4C5A-8E48-C171F091BF78}
	EndGlobalSection
	GlobalSection(ExtensibilityGlobals) = postSolution
		SolutionGuid = {650041DB-7246-4F28-87A1-A00625F95CAF}
	EndGlobalSection
EndGlobal
